
Microsoft Visual Studio Solution File, Format Version 10.00
# Visual Studio 2008
Project("{8BC9CEB8-8B4A-11D0-8D11-00A0C91BC942}") = "faeris", "faeris\faeris.vcproj", "{1A220C0A-1B8C-4B0D-9EF8-157B34855925}"
EndProject
Global
	GlobalSection(SolutionConfigurationPlatforms) = preSolution
		Debug|Win32 = Debug|Win32
		Release|Win32 = Release|Win32
	EndGlobalSection
	GlobalSection(ProjectConfigurationPlatforms) = postSolution
		{1A220C0A-1B8C-4B0D-9EF8-157B34855925}.Debug|Win32.ActiveCfg = Debug|Win32
		{1A220C0A-1B8C-4B0D-9EF8-157B34855925}.Debug|Win32.Build.0 = Debug|Win32
		{1A220C0A-1B8C-4B0D-9EF8-157B34855925}.Release|Win32.ActiveCfg = Release|Win32
		{1A220C0A-1B8C-4B0D-9EF8-157B34855925}.Release|Win32.Build.0 = Release|Win32
	EndGlobalSection
	GlobalSection(SolutionProperties) = preSolution
		HideSolutionNode = FALSE
	EndGlobalSection
EndGlobal
